Microsoft Visual Studio Solution File, Format Version 12.00
# Visual Studio Version 18
VisualStudioVersion = 18.6.11822.322 stable
MinimumVisualStudioVersion = 10.0.40219.1
Project("{FAE04EC0-301F-11D3-BF4B-00C04F79EFBC}") = "Aula_11_Poo", "Aula_11_Poo\Aula_11_Poo.csproj", "{11111111-1111-1111-1111-111111111111}"
EndProject
Project("{FAE04EC0-301F-11D3-BF4B-00C04F79EFBC}") = "Aula_10_Poo", "Exercicios_POO\Aula_10_Poo.csproj", "{22222222-2222-2222-2222-222222222222}"
EndProject
Project("{FAE04EC0-301F-11D3-BF4B-00C04F79EFBC}") = "Aula_11_Poo_Desafio", "Desafio_Aula_11_POO\Aula_11_Poo_Desafio.csproj", "{3F835C0F-D1A4-4E09-80CD-E4EC67510E37}"
EndProject
Project("{FAE04EC0-301F-11D3-BF4B-00C04F79EFBC}") = "Aula_12_Poo_Exercicio_1", "Aula_12_Poo_Ex1\Aula_12_Poo_Exercicio_1.csproj", "{CF1CB12F-93D1-41F2-8D7C-4071CAEFE253}"
EndProject
Project("{FAE04EC0-301F-11D3-BF4B-00C04F79EFBC}") = "Aula_12_Poo_Exercicio_2", "Aula_12_Poo_Ex2\Aula_12_Poo_Exercicio_2.csproj", "{397DF48B-77CF-47B3-8201-9CDB8FCF0435}"
EndProject
Project("{FAE04EC0-301F-11D3-BF4B-00C04F79EFBC}") = "Aula_12_Poo_Exercicio_3", "Aula_12_Poo_Ex3\Aula_12_Poo_Exercicio_3.csproj", "{CC9E3E21-5324-4697-84A2-9C826E225D62}"
EndProject
Project("{FAE04EC0-301F-11D3-BF4B-00C04F79EFBC}") = "Aula_12_Poo_Exercicio_4", "Aula_12_Poo_Ex4\Aula_12_Poo_Exercicio_4.csproj", "{200F4965-F0F6-49D9-96BC-279627CD562C}"
EndProject
Project("{FAE04EC0-301F-11D3-BF4B-00C04F79EFBC}") = "Aula_12_Poo_Exercicio_5", "Aula_12_Poo_Ex5\Aula_12_Poo_Exercicio_5.csproj", "{D69C2FA8-2089-4847-B252-B73605BBA88C}"
EndProject
Project("{FAE04EC0-301F-11D3-BF4B-00C04F79EFBC}") = "Aula_12_Poo_Desafio", "Aula_12_Poo_Desafio\Aula_12_Poo_Desafio.csproj", "{E1FCBEF3-BD51-40B9-8BD6-0C3F94EC7B47}"
EndProject
Project("{FAE04EC0-301F-11D3-BF4B-00C04F79EFBC}") = "Avaliacao_01_Logica", "Avaliacao_01_Logica\Avaliacao_01_Logica.csproj", "{EFECF612-52C9-4F82-8BA5-FBFD1FFEEF97}"
EndProject
Project("{FAE04EC0-301F-11D3-BF4B-00C04F79EFBC}") = "Aula_03_Exercicio_01", "Aula_03_Exercicio_01\Aula_03_Exercicio_01.csproj", "{6B76D95B-CEF4-406B-86FE-7177E6DBFD72}"
EndProject
Project("{FAE04EC0-301F-11D3-BF4B-00C04F79EFBC}") = "Aula_03_Exercicio_02", "Aula_03_Exercicio_02\Aula_03_Exercicio_02.csproj", "{4D3A3524-0A0E-4A4F-9BD1-44FD2481D3B5}"
EndProject
Project("{FAE04EC0-301F-11D3-BF4B-00C04F79EFBC}") = "Aula_03_Exercicio_03", "Aula_03_Exercicio_03\Aula_03_Exercicio_03.csproj", "{7C8B432C-2E9F-452B-8700-EBCAD0BC42C9}"
EndProject
Project("{FAE04EC0-301F-11D3-BF4B-00C04F79EFBC}") = "Aula_04_Exercicio_01", "Aula_04_Exercicio_01\Aula_04_Exercicio_01.csproj", "{86E489A9-FCB7-4049-830F-6E0AAE037F1A}"
EndProject
Project("{FAE04EC0-301F-11D3-BF4B-00C04F79EFBC}") = "Aula_04_Exercicio_02", "Aula_04_Exercicio_02\Aula_04_Exercicio_02.csproj", "{06A12900-83D9-45AF-ADE5-5959A42CDAC4}"
EndProject
Project("{FAE04EC0-301F-11D3-BF4B-00C04F79EFBC}") = "Aula_05_Exercicio_01", "Aula_05_Exercicio_01\Aula_05_Exercicio_01.csproj", "{04E766F9-3CB8-45DE-A994-6D203BA63386}"
EndProject
Project("{FAE04EC0-301F-11D3-BF4B-00C04F79EFBC}") = "Aula_05_Exercicio_02", "Aula_05_Exercicio_02\Aula_05_Exercicio_02.csproj", "{385CB0D1-95E1-41B6-B235-BB5DEE75BCBD}"
EndProject
Project("{FAE04EC0-301F-11D3-BF4B-00C04F79EFBC}") = "Aula_05_Exercicio_03", "Aula_05_Exercicio_03\Aula_05_Exercicio_03.csproj", "{E8C4FCBB-5814-4D69-966E-6B8B0A4B1DE3}"
EndProject
Project("{FAE04EC0-301F-11D3-BF4B-00C04F79EFBC}") = "Aula_05_Exercicio_04", "Aula_05_Exercicio_04\Aula_05_Exercicio_04.csproj", "{4C9EE3D4-843F-415A-A23B-CC5265FE5112}"
EndProject
Project("{FAE04EC0-301F-11D3-BF4B-00C04F79EFBC}") = "Aula_05_Exercicio_05", "Aula_05_Exercicio_05\Aula_05_Exercicio_05.csproj", "{2C0FE1B8-76FC-464F-8034-E97494B50268}"
EndProject
Project("{FAE04EC0-301F-11D3-BF4B-00C04F79EFBC}") = "Aula_06_Exercicio_01", "Aula_06_Exercicio_01\Aula_06_Exercicio_01.csproj", "{ACCE9D56-9448-4314-BE5C-2D470ABA2090}"
EndProject
Project("{FAE04EC0-301F-11D3-BF4B-00C04F79EFBC}") = "Aula_06_Exercicio_02", "Aula_06_Exercicio_02\Aula_06_Exercicio_02.csproj", "{E67B0D3F-B56E-4977-98DB-C42D9CB790AD}"
EndProject
Project("{FAE04EC0-301F-11D3-BF4B-00C04F79EFBC}") = "Aula_06_Exercicio_03", "Aula_06_Exercicio_03\Aula_06_Exercicio_03.csproj", "{E34620E7-4B0C-4092-BC7F-C40C72B7C9E8}"
EndProject
Project("{FAE04EC0-301F-11D3-BF4B-00C04F79EFBC}") = "Aula_06_Exercicio_04", "Aula_06_Exercicio_04\Aula_06_Exercicio_04.csproj", "{406DBB6F-253C-4CA8-AA7B-EC1209B23E31}"
EndProject
Project("{FAE04EC0-301F-11D3-BF4B-00C04F79EFBC}") = "Aula_06_Exercicio_05", "Aula_06_Exercicio_05\Aula_06_Exercicio_05.csproj", "{C005E50E-5C5F-4A5B-8246-CBAEBC5E02AE}"
EndProject
Project("{FAE04EC0-301F-11D3-BF4B-00C04F79EFBC}") = "Aula_06_Exercicio_Desafio", "Aula_06_Exercicio_Desafio\Aula_06_Exercicio_Desafio.csproj", "{7866FF1A-D0A2-41EA-8055-2B58DCAC08A3}"
EndProject
Project("{FAE04EC0-301F-11D3-BF4B-00C04F79EFBC}") = "Aula_07_Desafio_01", "Aula_07_Desafio_01\Aula_07_Desafio_01.csproj", "{A5B4F597-7868-4B85-8FAF-9A5AA7EC8BB3}"
EndProject
Project("{FAE04EC0-301F-11D3-BF4B-00C04F79EFBC}") = "Aula_07_Desafio_02", "Aula_07_Desafio_02\Aula_07_Desafio_02.csproj", "{890004D2-438B-44F5-9F56-4141C350B1DA}"
EndProject
Project("{FAE04EC0-301F-11D3-BF4B-00C04F79EFBC}") = "Aula_07_Exercicio_01", "Aula_07_Exercicio_01\Aula_07_Exercicio_01.csproj", "{CBCA3B8C-91B4-4B31-A520-47AA83F09B8B}"
EndProject
Project("{FAE04EC0-301F-11D3-BF4B-00C04F79EFBC}") = "Aula_07_Exercicio_02", "Aula_07_Exercicio_02\Aula_07_Exercicio_02.csproj", "{C76DEDF4-E20A-4A78-9A5C-B528B526C540}"
EndProject
Project("{FAE04EC0-301F-11D3-BF4B-00C04F79EFBC}") = "Aula_07_Exercicio_03", "Aula_07_Exercicio_03\Aula_07_Exercicio_03.csproj", "{165AE0C0-39E4-4127-9E88-E17D118EB7F3}"
EndProject
Project("{FAE04EC0-301F-11D3-BF4B-00C04F79EFBC}") = "Aula_07_Exercicio_04", "Aula_07_Exercicio_04\Aula_07_Exercicio_04.csproj", "{5F76A3BD-2786-41A7-BC6F-F4F4287370D9}"
EndProject
Project("{FAE04EC0-301F-11D3-BF4B-00C04F79EFBC}") = "Aula_07_Exercicio_05", "Aula_07_Exercicio_05\Aula_07_Exercicio_05.csproj", "{EE03D6B1-6ED0-48A7-8B65-7DA6AD7363BF}"
EndProject
Project("{FAE04EC0-301F-11D3-BF4B-00C04F79EFBC}") = "Aula_07_Exercicio_06", "Aula_07_Exercicio_06\Aula_07_Exercicio_06.csproj", "{998D9E5C-1186-4327-BA19-68F5AC3D9DB3}"
EndProject
Project("{FAE04EC0-301F-11D3-BF4B-00C04F79EFBC}") = "Aula_07_Exercicio_07", "Aula_07_Exercicio_07\Aula_07_Exercicio_07.csproj", "{D420026F-89AE-4BD0-8F42-EF66B149BA83}"
EndProject
Project("{FAE04EC0-301F-11D3-BF4B-00C04F79EFBC}") = "Aula_07_Exercicio_08", "Aula_07_Exercicio_08\Aula_07_Exercicio_08.csproj", "{A2342DE6-B18E-48C2-B5D1-77C80FCE5D9A}"
EndProject
Project("{FAE04EC0-301F-11D3-BF4B-00C04F79EFBC}") = "Aula_07_Exercicio_09_IF", "Aula_07_Exercicio_09\Aula_07_Exercicio_09_IF.csproj", "{4B89ECBC-E58B-4671-9529-8E91B4F1E277}"
EndProject
Project("{FAE04EC0-301F-11D3-BF4B-00C04F79EFBC}") = "Aula_07_Exercicio_09_FOR", "Aula_07_Exercicio_09_2\Aula_07_Exercicio_09_FOR.csproj", "{7C7E10EA-B2C8-4106-AD3D-0800A56568F0}"
EndProject
Project("{FAE04EC0-301F-11D3-BF4B-00C04F79EFBC}") = "Aula_07_Exercicio_10", "Aula_07_Exercicio_10\Aula_07_Exercicio_10.csproj", "{1CAEDBB8-43D2-495A-AE11-75F7F4FC928D}"
EndProject
Project("{FAE04EC0-301F-11D3-BF4B-00C04F79EFBC}") = "Aula_07_Desafio_02_v2", "Aula_07_Desafio_02_v2\Aula_07_Desafio_02_v2.csproj", "{AABA7380-B096-475F-8395-F1385D36B27A}"
EndProject
Project("{FAE04EC0-301F-11D3-BF4B-00C04F79EFBC}") = "_TESTE_SQL", "_TESTE_SQL\_TESTE_SQL.csproj", "{DB793EE4-9716-40C3-90F9-44D7D45A865F}"
EndProject
Project("{FAE04EC0-301F-11D3-BF4B-00C04F79EFBC}") = "Aula_13_Poo_Exercicio_1", "Aula_13_Poo\Aula_13_Poo_Exercicio_1.csproj", "{4F079CD6-4557-4300-82D1-B29132C1826A}"
EndProject
Project("{FAE04EC0-301F-11D3-BF4B-00C04F79EFBC}") = "Aula_13_Poo_Exercicio_2", "Aula_13_Poo_Exercicio_2\Aula_13_Poo_Exercicio_2.csproj", "{C5E1B274-4594-47F7-B84B-D66AC0A88DD2}"
EndProject
Project("{FAE04EC0-301F-11D3-BF4B-00C04F79EFBC}") = "Aula_13_Poo_Exercicio_3", "Aula_13_Poo_Exercicio_3\Aula_13_Poo_Exercicio_3.csproj", "{995D62F4-964B-49A1-9B82-31EC9D45B279}"
EndProject
Project("{FAE04EC0-301F-11D3-BF4B-00C04F79EFBC}") = "Aula_13_Poo_Exercicio_4", "Aula_13_Poo_Exercicio_4\Aula_13_Poo_Exercicio_4.csproj", "{8DF38890-8C14-49D9-B58E-653B1FE63B2E}"
EndProject
Project("{FAE04EC0-301F-11D3-BF4B-00C04F79EFBC}") = "Aula_13_Poo_Exercicio_5", "Aula_13_Poo_Exercicio_5\Aula_13_Poo_Exercicio_5.csproj", "{D855533E-7B82-455D-BD7A-534721CD4C91}"
EndProject
Project("{FAE04EC0-301F-11D3-BF4B-00C04F79EFBC}") = "Aula_13_Poo_Desafio", "Aula_13_Poo_Desafio\Aula_13_Poo_Desafio.csproj", "{838A3419-6CF2-4E3D-9B15-D18B56D31D0F}"
EndProject
Project("{FAE04EC0-301F-11D3-BF4B-00C04F79EFBC}") = "Aula_14_Poo_Exercicio_1", "Aula_14_Poo_Exercicio_1\Aula_14_Poo_Exercicio_1.csproj", "{20CEFED0-E30F-4ED1-B308-30691B9B2189}"
EndProject
Project("{FAE04EC0-301F-11D3-BF4B-00C04F79EFBC}") = "Aula_14_Poo_Exercicio_2", "Aula_14_Poo_Exercicio_2\Aula_14_Poo_Exercicio_2.csproj", "{5F84068B-4EF0-4CAB-A137-A9FC43B7BFF0}"
EndProject
Project("{FAE04EC0-301F-11D3-BF4B-00C04F79EFBC}") = "Aula_14_Poo_Exercicio_3", "Aula_14_Poo_Exercicio_3\Aula_14_Poo_Exercicio_3.csproj", "{D96272C7-760F-41B6-9529-4F25E8AE3432}"
EndProject
Project("{FAE04EC0-301F-11D3-BF4B-00C04F79EFBC}") = "Aula_14_Poo_Exercicio_4", "Aula_14_Poo_Exercicio_4\Aula_14_Poo_Exercicio_4.csproj", "{E8CBD760-236E-42FF-8119-8884B02E70CD}"
EndProject
Project("{FAE04EC0-301F-11D3-BF4B-00C04F79EFBC}") = "Aula_14_Poo_Exercicio_5", "Aula_14_Poo_Exercicio_5\Aula_14_Poo_Exercicio_5.csproj", "{0F29631D-3A91-44E6-8765-9F5884CC9CC3}"
EndProject
Project("{FAE04EC0-301F-11D3-BF4B-00C04F79EFBC}") = "Aula_14_Poo_Desafio", "Aula_14_Poo_Desafio\Aula_14_Poo_Desafio.csproj", "{CF81497A-CC04-4C88-B1C6-87799BB3E601}"
EndProject
Project("{FAE04EC0-301F-11D3-BF4B-00C04F79EFBC}") = "Avaliacao_03_POO", "Avaliacao_03_POO\Avaliacao_03_POO.csproj", "{206176A0-10CB-40B7-B0D2-E4BA177F529A}"
EndProject
Project("{FAE04EC0-301F-11D3-BF4B-00C04F79EFBC}") = "Aula_15_Poo_Exercicio_1", "Aula_15_Poo_Exercicio_1\Aula_15_Poo_Exercicio_1.csproj", "{5E6BA906-9333-4F2E-9529-6DEE347B69CE}"
EndProject
Project("{FAE04EC0-301F-11D3-BF4B-00C04F79EFBC}") = "Aula_15_Poo_Exercicio_2", "Aula_15_Poo_Exercicio_2\Aula_15_Poo_Exercicio_2.csproj", "{5631A8CD-C59F-4EE5-9F21-5181617A29CF}"
EndProject
Project("{FAE04EC0-301F-11D3-BF4B-00C04F79EFBC}") = "Aula_15_Poo_Exercicio_3", "Aula_15_Poo_Exercicio_3\Aula_15_Poo_Exercicio_3.csproj", "{D30EABCA-4CC5-47B6-9D88-CD0A1360FF94}"
EndProject
Project("{FAE04EC0-301F-11D3-BF4B-00C04F79EFBC}") = "Aula_15_Poo_Exercicio_4", "Aula_15_Poo_Exercicio_4\Aula_15_Poo_Exercicio_4.csproj", "{1C4CCF8C-DC00-4385-9BB4-B5A24214B4D1}"
EndProject
Project("{FAE04EC0-301F-11D3-BF4B-00C04F79EFBC}") = "Aula_15_Poo_Exercicio_5", "Aula_15_Poo_Exercicio_5\Aula_15_Poo_Exercicio_5.csproj", "{BBB3720A-DF4C-4A74-8515-CAC810BA0FC5}"
EndProject
Project("{FAE04EC0-301F-11D3-BF4B-00C04F79EFBC}") = "Aula_15_Poo_Desafio", "Aula_15_Poo_Desafio\Aula_15_Poo_Desafio.csproj", "{BF1DD40C-D328-4BDE-B0F9-8BC2B8E76990}"
EndProject
Project("{FAE04EC0-301F-11D3-BF4B-00C04F79EFBC}") = "Aula_16_Poo_Exercicio_1", "Aula_16_Poo_Exercicio_1\Aula_16_Poo_Exercicio_1.csproj", "{037546C9-B29B-4D87-B180-56323A765A74}"
EndProject
Project("{FAE04EC0-301F-11D3-BF4B-00C04F79EFBC}") = "Aula_16_Poo_Exercicio_2", "Aula_16_Poo_Exercicio_2\Aula_16_Poo_Exercicio_2.csproj", "{B0BD5124-DE46-419D-B14A-0D6D8EEF5EF8}"
EndProject
Project("{FAE04EC0-301F-11D3-BF4B-00C04F79EFBC}") = "Aula_16_Poo_Exercicio_3", "Aula_16_Poo_Exercicio_3\Aula_16_Poo_Exercicio_3.csproj", "{7F6AA3D9-9075-4F28-9AB8-D81908594667}"
EndProject
Project("{FAE04EC0-301F-11D3-BF4B-00C04F79EFBC}") = "Aula_16_Poo_Exercicio_4", "Aula_16_Poo_Exercicio_4\Aula_16_Poo_Exercicio_4.csproj", "{E9073B57-376A-4F02-96AD-C3CE44CE76C3}"
EndProject
Project("{FAE04EC0-301F-11D3-BF4B-00C04F79EFBC}") = "Aula_16_Poo_Exercicio_5", "Aula_16_Poo_Exercicio_5\Aula_16_Poo_Exercicio_5.csproj", "{E02C8CF2-B578-4C76-9065-7F6D1E33BFF4}"
EndProject
Project("{FAE04EC0-301F-11D3-BF4B-00C04F79EFBC}") = "Aula_16_Poo_Desafio", "Aula_16_Poo_Desafio\Aula_16_Poo_Desafio.csproj", "{5F257830-337F-47D4-B21B-AA8BF22818CF}"
EndProject
Project("{FAE04EC0-301F-11D3-BF4B-00C04F79EFBC}") = "Aula_17_Poo_Exercicio_1", "Aula_17_Poo_Exercicio_1\Aula_17_Poo_Exercicio_1.csproj", "{69CE91A6-1285-4817-819C-6533E31E8015}"
EndProject
Project("{FAE04EC0-301F-11D3-BF4B-00C04F79EFBC}") = "Aula_17_Poo_Exercicio_2", "Aula_17_Poo_Exercicio_2\Aula_17_Poo_Exercicio_2.csproj", "{573A94E6-7C9C-4B01-A3B5-5D88A564DEFC}"
EndProject
Project("{FAE04EC0-301F-11D3-BF4B-00C04F79EFBC}") = "Aula_17_Poo_Exercicio_3", "Aula_17_Poo_Exercicio_3\Aula_17_Poo_Exercicio_3.csproj", "{9B69AE66-09DA-499D-B427-D79F01F0EB79}"
EndProject
Project("{FAE04EC0-301F-11D3-BF4B-00C04F79EFBC}") = "Aula_17_Poo_Exercicio_4", "Aula_17_Poo_Exercicio_4\Aula_17_Poo_Exercicio_4.csproj", "{464A8514-30A8-4DD0-BC8D-95D26E2CE3FB}"
EndProject
Project("{FAE04EC0-301F-11D3-BF4B-00C04F79EFBC}") = "Aula_17_Poo_Exercicio_5", "Aula_17_Poo_Exercicio_5\Aula_17_Poo_Exercicio_5.csproj", "{7B4C6F81-DF27-47DB-A640-1F9331A2F4A7}"
EndProject
Project("{FAE04EC0-301F-11D3-BF4B-00C04F79EFBC}") = "Aula_17_Poo_Desafio", "Aula_17_Poo_Desafio\Aula_17_Poo_Desafio.csproj", "{9BE82532-1394-4863-8650-CAA95FF40FF4}"
EndProject
Project("{FAE04EC0-301F-11D3-BF4B-00C04F79EFBC}") = "Aula_18_Poo_Exercicio_1", "Aula_18_Poo_Exercicio_1\Aula_18_Poo_Exercicio_1.csproj", "{919456A1-4286-458F-91C3-477EF59028ED}"
EndProject
Project("{FAE04EC0-301F-11D3-BF4B-00C04F79EFBC}") = "Aula_18_Poo_Exercicio_2", "Aula_18_Poo_Exercicio_2\Aula_18_Poo_Exercicio_2.csproj", "{2BBD60C3-A1ED-4883-8DA1-1C038B0AD90D}"
EndProject
Project("{FAE04EC0-301F-11D3-BF4B-00C04F79EFBC}") = "Aula_18_Poo_Exercicio_3", "Aula_18_Poo_Exercicio_3\Aula_18_Poo_Exercicio_3.csproj", "{A9897FE1-2FF8-4960-9D01-69BCF1F55EF0}"
EndProject
Project("{FAE04EC0-301F-11D3-BF4B-00C04F79EFBC}") = "Aula_18_Poo_Exercicio_4", "Aula_18_Poo_Exercicio_4\Aula_18_Poo_Exercicio_4.csproj", "{FA55CA7B-343A-4BB8-A3D2-E87D3DBCF31D}"
EndProject
Project("{FAE04EC0-301F-11D3-BF4B-00C04F79EFBC}") = "Aula_18_Poo_Exercicio_5", "Aula_18_Poo_Exercicio_5\Aula_18_Poo_Exercicio_5.csproj", "{3B01AD28-9976-476B-A9BB-F13FE07EF32C}"
EndProject
Project("{FAE04EC0-301F-11D3-BF4B-00C04F79EFBC}") = "Aula_18_Poo_Desafio", "Aula_18_Poo_Desafio\Aula_18_Poo_Desafio.csproj", "{99AC43E2-71C8-454F-A9B8-4230E5144261}"
EndProject
Project("{FAE04EC0-301F-11D3-BF4B-00C04F79EFBC}") = "Exercicio_Integrador_1", "Exercicio_Integrador_1\Exercicio_Integrador_1.csproj", "{4D2D7B1A-41F4-485B-83A1-993FEBF6900B}"
EndProject
Global
	GlobalSection(SolutionConfigurationPlatforms) = preSolution
		Debug|Any CPU = Debug|Any CPU
		Release|Any CPU = Release|Any CPU
	EndGlobalSection
	GlobalSection(ProjectConfigurationPlatforms) = postSolution
		{11111111-1111-1111-1111-111111111111}.Debug|Any CPU.ActiveCfg = Debug|Any CPU
		{11111111-1111-1111-1111-111111111111}.Debug|Any CPU.Build.0 = Debug|Any CPU
		{11111111-1111-1111-1111-111111111111}.Release|Any CPU.ActiveCfg = Release|Any CPU
		{11111111-1111-1111-1111-111111111111}.Release|Any CPU.Build.0 = Release|Any CPU
		{22222222-2222-2222-2222-222222222222}.Debug|Any CPU.ActiveCfg = Debug|Any CPU
		{22222222-2222-2222-2222-222222222222}.Debug|Any CPU.Build.0 = Debug|Any CPU
		{22222222-2222-2222-2222-222222222222}.Release|Any CPU.ActiveCfg = Release|Any CPU
		{22222222-2222-2222-2222-222222222222}.Release|Any CPU.Build.0 = Release|Any CPU
		{3F835C0F-D1A4-4E09-80CD-E4EC67510E37}.Debug|Any CPU.ActiveCfg = Debug|Any CPU
		{3F835C0F-D1A4-4E09-80CD-E4EC67510E37}.Debug|Any CPU.Build.0 = Debug|Any CPU
		{3F835C0F-D1A4-4E09-80CD-E4EC67510E37}.Release|Any CPU.ActiveCfg = Release|Any CPU
		{3F835C0F-D1A4-4E09-80CD-E4EC67510E37}.Release|Any CPU.Build.0 = Release|Any CPU
		{CF1CB12F-93D1-41F2-8D7C-4071CAEFE253}.Debug|Any CPU.ActiveCfg = Debug|Any CPU
		{CF1CB12F-93D1-41F2-8D7C-4071CAEFE253}.Debug|Any CPU.Build.0 = Debug|Any CPU
		{CF1CB12F-93D1-41F2-8D7C-4071CAEFE253}.Release|Any CPU.ActiveCfg = Release|Any CPU
		{CF1CB12F-93D1-41F2-8D7C-4071CAEFE253}.Release|Any CPU.Build.0 = Release|Any CPU
		{397DF48B-77CF-47B3-8201-9CDB8FCF0435}.Debug|Any CPU.ActiveCfg = Debug|Any CPU
		{397DF48B-77CF-47B3-8201-9CDB8FCF0435}.Debug|Any CPU.Build.0 = Debug|Any CPU
		{397DF48B-77CF-47B3-8201-9CDB8FCF0435}.Release|Any CPU.ActiveCfg = Release|Any CPU
		{397DF48B-77CF-47B3-8201-9CDB8FCF0435}.Release|Any CPU.Build.0 = Release|Any CPU
		{CC9E3E21-5324-4697-84A2-9C826E225D62}.Debug|Any CPU.ActiveCfg = Debug|Any CPU
		{CC9E3E21-5324-4697-84A2-9C826E225D62}.Debug|Any CPU.Build.0 = Debug|Any CPU
		{CC9E3E21-5324-4697-84A2-9C826E225D62}.Release|Any CPU.ActiveCfg = Release|Any CPU
		{CC9E3E21-5324-4697-84A2-9C826E225D62}.Release|Any CPU.Build.0 = Release|Any CPU
		{200F4965-F0F6-49D9-96BC-279627CD562C}.Debug|Any CPU.ActiveCfg = Debug|Any CPU
		{200F4965-F0F6-49D9-96BC-279627CD562C}.Debug|Any CPU.Build.0 = Debug|Any CPU
		{200F4965-F0F6-49D9-96BC-279627CD562C}.Release|Any CPU.ActiveCfg = Release|Any CPU
		{200F4965-F0F6-49D9-96BC-279627CD562C}.Release|Any CPU.Build.0 = Release|Any CPU
		{D69C2FA8-2089-4847-B252-B73605BBA88C}.Debug|Any CPU.ActiveCfg = Debug|Any CPU
		{D69C2FA8-2089-4847-B252-B73605BBA88C}.Debug|Any CPU.Build.0 = Debug|Any CPU
		{D69C2FA8-2089-4847-B252-B73605BBA88C}.Release|Any CPU.ActiveCfg = Release|Any CPU
		{D69C2FA8-2089-4847-B252-B73605BBA88C}.Release|Any CPU.Build.0 = Release|Any CPU
		{E1FCBEF3-BD51-40B9-8BD6-0C3F94EC7B47}.Debug|Any CPU.ActiveCfg = Debug|Any CPU
		{E1FCBEF3-BD51-40B9-8BD6-0C3F94EC7B47}.Debug|Any CPU.Build.0 = Debug|Any CPU
		{E1FCBEF3-BD51-40B9-8BD6-0C3F94EC7B47}.Release|Any CPU.ActiveCfg = Release|Any CPU
		{E1FCBEF3-BD51-40B9-8BD6-0C3F94EC7B47}.Release|Any CPU.Build.0 = Release|Any CPU
		{EFECF612-52C9-4F82-8BA5-FBFD1FFEEF97}.Debug|Any CPU.ActiveCfg = Debug|Any CPU
		{EFECF612-52C9-4F82-8BA5-FBFD1FFEEF97}.Debug|Any CPU.Build.0 = Debug|Any CPU
		{EFECF612-52C9-4F82-8BA5-FBFD1FFEEF97}.Release|Any CPU.ActiveCfg = Release|Any CPU
		{EFECF612-52C9-4F82-8BA5-FBFD1FFEEF97}.Release|Any CPU.Build.0 = Release|Any CPU
		{6B76D95B-CEF4-406B-86FE-7177E6DBFD72}.Debug|Any CPU.ActiveCfg = Debug|Any CPU
		{6B76D95B-CEF4-406B-86FE-7177E6DBFD72}.Debug|Any CPU.Build.0 = Debug|Any CPU
		{6B76D95B-CEF4-406B-86FE-7177E6DBFD72}.Release|Any CPU.ActiveCfg = Release|Any CPU
		{6B76D95B-CEF4-406B-86FE-7177E6DBFD72}.Release|Any CPU.Build.0 = Release|Any CPU
		{4D3A3524-0A0E-4A4F-9BD1-44FD2481D3B5}.Debug|Any CPU.ActiveCfg = Debug|Any CPU
		{4D3A3524-0A0E-4A4F-9BD1-44FD2481D3B5}.Debug|Any CPU.Build.0 = Debug|Any CPU
		{4D3A3524-0A0E-4A4F-9BD1-44FD2481D3B5}.Release|Any CPU.ActiveCfg = Release|Any CPU
		{4D3A3524-0A0E-4A4F-9BD1-44FD2481D3B5}.Release|Any CPU.Build.0 = Release|Any CPU
		{7C8B432C-2E9F-452B-8700-EBCAD0BC42C9}.Debug|Any CPU.ActiveCfg = Debug|Any CPU
		{7C8B432C-2E9F-452B-8700-EBCAD0BC42C9}.Debug|Any CPU.Build.0 = Debug|Any CPU
		{7C8B432C-2E9F-452B-8700-EBCAD0BC42C9}.Release|Any CPU.ActiveCfg = Release|Any CPU
		{7C8B432C-2E9F-452B-8700-EBCAD0BC42C9}.Release|Any CPU.Build.0 = Release|Any CPU
		{86E489A9-FCB7-4049-830F-6E0AAE037F1A}.Debug|Any CPU.ActiveCfg = Debug|Any CPU
		{86E489A9-FCB7-4049-830F-6E0AAE037F1A}.Debug|Any CPU.Build.0 = Debug|Any CPU
		{86E489A9-FCB7-4049-830F-6E0AAE037F1A}.Release|Any CPU.ActiveCfg = Release|Any CPU
		{86E489A9-FCB7-4049-830F-6E0AAE037F1A}.Release|Any CPU.Build.0 = Release|Any CPU
		{06A12900-83D9-45AF-ADE5-5959A42CDAC4}.Debug|Any CPU.ActiveCfg = Debug|Any CPU
		{06A12900-83D9-45AF-ADE5-5959A42CDAC4}.Debug|Any CPU.Build.0 = Debug|Any CPU
		{06A12900-83D9-45AF-ADE5-5959A42CDAC4}.Release|Any CPU.ActiveCfg = Release|Any CPU
		{06A12900-83D9-45AF-ADE5-5959A42CDAC4}.Release|Any CPU.Build.0 = Release|Any CPU
		{04E766F9-3CB8-45DE-A994-6D203BA63386}.Debug|Any CPU.ActiveCfg = Debug|Any CPU
		{04E766F9-3CB8-45DE-A994-6D203BA63386}.Debug|Any CPU.Build.0 = Debug|Any CPU
		{04E766F9-3CB8-45DE-A994-6D203BA63386}.Release|Any CPU.ActiveCfg = Release|Any CPU
		{04E766F9-3CB8-45DE-A994-6D203BA63386}.Release|Any CPU.Build.0 = Release|Any CPU
		{385CB0D1-95E1-41B6-B235-BB5DEE75BCBD}.Debug|Any CPU.ActiveCfg = Debug|Any CPU
		{385CB0D1-95E1-41B6-B235-BB5DEE75BCBD}.Debug|Any CPU.Build.0 = Debug|Any CPU
		{385CB0D1-95E1-41B6-B235-BB5DEE75BCBD}.Release|Any CPU.ActiveCfg = Release|Any CPU
		{385CB0D1-95E1-41B6-B235-BB5DEE75BCBD}.Release|Any CPU.Build.0 = Release|Any CPU
		{E8C4FCBB-5814-4D69-966E-6B8B0A4B1DE3}.Debug|Any CPU.ActiveCfg = Debug|Any CPU
		{E8C4FCBB-5814-4D69-966E-6B8B0A4B1DE3}.Debug|Any CPU.Build.0 = Debug|Any CPU
		{E8C4FCBB-5814-4D69-966E-6B8B0A4B1DE3}.Release|Any CPU.ActiveCfg = Release|Any CPU
		{E8C4FCBB-5814-4D69-966E-6B8B0A4B1DE3}.Release|Any CPU.Build.0 = Release|Any CPU
		{4C9EE3D4-843F-415A-A23B-CC5265FE5112}.Debug|Any CPU.ActiveCfg = Debug|Any CPU
		{4C9EE3D4-843F-415A-A23B-CC5265FE5112}.Debug|Any CPU.Build.0 = Debug|Any CPU
		{4C9EE3D4-843F-415A-A23B-CC5265FE5112}.Release|Any CPU.ActiveCfg = Release|Any CPU
		{4C9EE3D4-843F-415A-A23B-CC5265FE5112}.Release|Any CPU.Build.0 = Release|Any CPU
		{2C0FE1B8-76FC-464F-8034-E97494B50268}.Debug|Any CPU.ActiveCfg = Debug|Any CPU
		{2C0FE1B8-76FC-464F-8034-E97494B50268}.Debug|Any CPU.Build.0 = Debug|Any CPU
		{2C0FE1B8-76FC-464F-8034-E97494B50268}.Release|Any CPU.ActiveCfg = Release|Any CPU
		{2C0FE1B8-76FC-464F-8034-E97494B50268}.Release|Any CPU.Build.0 = Release|Any CPU
		{ACCE9D56-9448-4314-BE5C-2D470ABA2090}.Debug|Any CPU.ActiveCfg = Debug|Any CPU
		{ACCE9D56-9448-4314-BE5C-2D470ABA2090}.Debug|Any CPU.Build.0 = Debug|Any CPU
		{ACCE9D56-9448-4314-BE5C-2D470ABA2090}.Release|Any CPU.ActiveCfg = Release|Any CPU
		{ACCE9D56-9448-4314-BE5C-2D470ABA2090}.Release|Any CPU.Build.0 = Release|Any CPU
		{E67B0D3F-B56E-4977-98DB-C42D9CB790AD}.Debug|Any CPU.ActiveCfg = Debug|Any CPU
		{E67B0D3F-B56E-4977-98DB-C42D9CB790AD}.Debug|Any CPU.Build.0 = Debug|Any CPU
		{E67B0D3F-B56E-4977-98DB-C42D9CB790AD}.Release|Any CPU.ActiveCfg = Release|Any CPU
		{E67B0D3F-B56E-4977-98DB-C42D9CB790AD}.Release|Any CPU.Build.0 = Release|Any CPU
		{E34620E7-4B0C-4092-BC7F-C40C72B7C9E8}.Debug|Any CPU.ActiveCfg = Debug|Any CPU
		{E34620E7-4B0C-4092-BC7F-C40C72B7C9E8}.Debug|Any CPU.Build.0 = Debug|Any CPU
		{E34620E7-4B0C-4092-BC7F-C40C72B7C9E8}.Release|Any CPU.ActiveCfg = Release|Any CPU
		{E34620E7-4B0C-4092-BC7F-C40C72B7C9E8}.Release|Any CPU.Build.0 = Release|Any CPU
		{406DBB6F-253C-4CA8-AA7B-EC1209B23E31}.Debug|Any CPU.ActiveCfg = Debug|Any CPU
		{406DBB6F-253C-4CA8-AA7B-EC1209B23E31}.Debug|Any CPU.Build.0 = Debug|Any CPU
		{406DBB6F-253C-4CA8-AA7B-EC1209B23E31}.Release|Any CPU.ActiveCfg = Release|Any CPU
		{406DBB6F-253C-4CA8-AA7B-EC1209B23E31}.Release|Any CPU.Build.0 = Release|Any CPU
		{C005E50E-5C5F-4A5B-8246-CBAEBC5E02AE}.Debug|Any CPU.ActiveCfg = Debug|Any CPU
		{C005E50E-5C5F-4A5B-8246-CBAEBC5E02AE}.Debug|Any CPU.Build.0 = Debug|Any CPU
		{C005E50E-5C5F-4A5B-8246-CBAEBC5E02AE}.Release|Any CPU.ActiveCfg = Release|Any CPU
		{C005E50E-5C5F-4A5B-8246-CBAEBC5E02AE}.Release|Any CPU.Build.0 = Release|Any CPU
		{7866FF1A-D0A2-41EA-8055-2B58DCAC08A3}.Debug|Any CPU.ActiveCfg = Debug|Any CPU
		{7866FF1A-D0A2-41EA-8055-2B58DCAC08A3}.Debug|Any CPU.Build.0 = Debug|Any CPU
		{7866FF1A-D0A2-41EA-8055-2B58DCAC08A3}.Release|Any CPU.ActiveCfg = Release|Any CPU
		{7866FF1A-D0A2-41EA-8055-2B58DCAC08A3}.Release|Any CPU.Build.0 = Release|Any CPU
		{A5B4F597-7868-4B85-8FAF-9A5AA7EC8BB3}.Debug|Any CPU.ActiveCfg = Debug|Any CPU
		{A5B4F597-7868-4B85-8FAF-9A5AA7EC8BB3}.Debug|Any CPU.Build.0 = Debug|Any CPU
		{A5B4F597-7868-4B85-8FAF-9A5AA7EC8BB3}.Release|Any CPU.ActiveCfg = Release|Any CPU
		{A5B4F597-7868-4B85-8FAF-9A5AA7EC8BB3}.Release|Any CPU.Build.0 = Release|Any CPU
		{890004D2-438B-44F5-9F56-4141C350B1DA}.Debug|Any CPU.ActiveCfg = Debug|Any CPU
		{890004D2-438B-44F5-9F56-4141C350B1DA}.Debug|Any CPU.Build.0 = Debug|Any CPU
		{890004D2-438B-44F5-9F56-4141C350B1DA}.Release|Any CPU.ActiveCfg = Release|Any CPU
		{890004D2-438B-44F5-9F56-4141C350B1DA}.Release|Any CPU.Build.0 = Release|Any CPU
		{CBCA3B8C-91B4-4B31-A520-47AA83F09B8B}.Debug|Any CPU.ActiveCfg = Debug|Any CPU
		{CBCA3B8C-91B4-4B31-A520-47AA83F09B8B}.Debug|Any CPU.Build.0 = Debug|Any CPU
		{CBCA3B8C-91B4-4B31-A520-47AA83F09B8B}.Release|Any CPU.ActiveCfg = Release|Any CPU
		{CBCA3B8C-91B4-4B31-A520-47AA83F09B8B}.Release|Any CPU.Build.0 = Release|Any CPU
		{C76DEDF4-E20A-4A78-9A5C-B528B526C540}.Debug|Any CPU.ActiveCfg = Debug|Any CPU
		{C76DEDF4-E20A-4A78-9A5C-B528B526C540}.Debug|Any CPU.Build.0 = Debug|Any CPU
		{C76DEDF4-E20A-4A78-9A5C-B528B526C540}.Release|Any CPU.ActiveCfg = Release|Any CPU
		{C76DEDF4-E20A-4A78-9A5C-B528B526C540}.Release|Any CPU.Build.0 = Release|Any CPU
		{165AE0C0-39E4-4127-9E88-E17D118EB7F3}.Debug|Any CPU.ActiveCfg = Debug|Any CPU
		{165AE0C0-39E4-4127-9E88-E17D118EB7F3}.Debug|Any CPU.Build.0 = Debug|Any CPU
		{165AE0C0-39E4-4127-9E88-E17D118EB7F3}.Release|Any CPU.ActiveCfg = Release|Any CPU
		{165AE0C0-39E4-4127-9E88-E17D118EB7F3}.Release|Any CPU.Build.0 = Release|Any CPU
		{5F76A3BD-2786-41A7-BC6F-F4F4287370D9}.Debug|Any CPU.ActiveCfg = Debug|Any CPU
		{5F76A3BD-2786-41A7-BC6F-F4F4287370D9}.Debug|Any CPU.Build.0 = Debug|Any CPU
		{5F76A3BD-2786-41A7-BC6F-F4F4287370D9}.Release|Any CPU.ActiveCfg = Release|Any CPU
		{5F76A3BD-2786-41A7-BC6F-F4F4287370D9}.Release|Any CPU.Build.0 = Release|Any CPU
		{EE03D6B1-6ED0-48A7-8B65-7DA6AD7363BF}.Debug|Any CPU.ActiveCfg = Debug|Any CPU
		{EE03D6B1-6ED0-48A7-8B65-7DA6AD7363BF}.Debug|Any CPU.Build.0 = Debug|Any CPU
		{EE03D6B1-6ED0-48A7-8B65-7DA6AD7363BF}.Release|Any CPU.ActiveCfg = Release|Any CPU
		{EE03D6B1-6ED0-48A7-8B65-7DA6AD7363BF}.Release|Any CPU.Build.0 = Release|Any CPU
		{998D9E5C-1186-4327-BA19-68F5AC3D9DB3}.Debug|Any CPU.ActiveCfg = Debug|Any CPU
		{998D9E5C-1186-4327-BA19-68F5AC3D9DB3}.Debug|Any CPU.Build.0 = Debug|Any CPU
		{998D9E5C-1186-4327-BA19-68F5AC3D9DB3}.Release|Any CPU.ActiveCfg = Release|Any CPU
		{998D9E5C-1186-4327-BA19-68F5AC3D9DB3}.Release|Any CPU.Build.0 = Release|Any CPU
		{D420026F-89AE-4BD0-8F42-EF66B149BA83}.Debug|Any CPU.ActiveCfg = Debug|Any CPU
		{D420026F-89AE-4BD0-8F42-EF66B149BA83}.Debug|Any CPU.Build.0 = Debug|Any CPU
		{D420026F-89AE-4BD0-8F42-EF66B149BA83}.Release|Any CPU.ActiveCfg = Release|Any CPU
		{D420026F-89AE-4BD0-8F42-EF66B149BA83}.Release|Any CPU.Build.0 = Release|Any CPU
		{A2342DE6-B18E-48C2-B5D1-77C80FCE5D9A}.Debug|Any CPU.ActiveCfg = Debug|Any CPU
		{A2342DE6-B18E-48C2-B5D1-77C80FCE5D9A}.Debug|Any CPU.Build.0 = Debug|Any CPU
		{A2342DE6-B18E-48C2-B5D1-77C80FCE5D9A}.Release|Any CPU.ActiveCfg = Release|Any CPU
		{A2342DE6-B18E-48C2-B5D1-77C80FCE5D9A}.Release|Any CPU.Build.0 = Release|Any CPU
		{4B89ECBC-E58B-4671-9529-8E91B4F1E277}.Debug|Any CPU.ActiveCfg = Debug|Any CPU
		{4B89ECBC-E58B-4671-9529-8E91B4F1E277}.Debug|Any CPU.Build.0 = Debug|Any CPU
		{4B89ECBC-E58B-4671-9529-8E91B4F1E277}.Release|Any CPU.ActiveCfg = Release|Any CPU
		{4B89ECBC-E58B-4671-9529-8E91B4F1E277}.Release|Any CPU.Build.0 = Release|Any CPU
		{7C7E10EA-B2C8-4106-AD3D-0800A56568F0}.Debug|Any CPU.ActiveCfg = Debug|Any CPU
		{7C7E10EA-B2C8-4106-AD3D-0800A56568F0}.Debug|Any CPU.Build.0 = Debug|Any CPU
		{7C7E10EA-B2C8-4106-AD3D-0800A56568F0}.Release|Any CPU.ActiveCfg = Release|Any CPU
		{7C7E10EA-B2C8-4106-AD3D-0800A56568F0}.Release|Any CPU.Build.0 = Release|Any CPU
		{1CAEDBB8-43D2-495A-AE11-75F7F4FC928D}.Debug|Any CPU.ActiveCfg = Debug|Any CPU
		{1CAEDBB8-43D2-495A-AE11-75F7F4FC928D}.Debug|Any CPU.Build.0 = Debug|Any CPU
		{1CAEDBB8-43D2-495A-AE11-75F7F4FC928D}.Release|Any CPU.ActiveCfg = Release|Any CPU
		{1CAEDBB8-43D2-495A-AE11-75F7F4FC928D}.Release|Any CPU.Build.0 = Release|Any CPU
		{AABA7380-B096-475F-8395-F1385D36B27A}.Debug|Any CPU.ActiveCfg = Debug|Any CPU
		{AABA7380-B096-475F-8395-F1385D36B27A}.Debug|Any CPU.Build.0 = Debug|Any CPU
		{AABA7380-B096-475F-8395-F1385D36B27A}.Release|Any CPU.ActiveCfg = Release|Any CPU
		{AABA7380-B096-475F-8395-F1385D36B27A}.Release|Any CPU.Build.0 = Release|Any CPU
		{DB793EE4-9716-40C3-90F9-44D7D45A865F}.Debug|Any CPU.ActiveCfg = Debug|Any CPU
		{DB793EE4-9716-40C3-90F9-44D7D45A865F}.Debug|Any CPU.Build.0 = Debug|Any CPU
		{DB793EE4-9716-40C3-90F9-44D7D45A865F}.Release|Any CPU.ActiveCfg = Release|Any CPU
		{DB793EE4-9716-40C3-90F9-44D7D45A865F}.Release|Any CPU.Build.0 = Release|Any CPU
		{4F079CD6-4557-4300-82D1-B29132C1826A}.Debug|Any CPU.ActiveCfg = Debug|Any CPU
		{4F079CD6-4557-4300-82D1-B29132C1826A}.Debug|Any CPU.Build.0 = Debug|Any CPU
		{4F079CD6-4557-4300-82D1-B29132C1826A}.Release|Any CPU.ActiveCfg = Release|Any CPU
		{4F079CD6-4557-4300-82D1-B29132C1826A}.Release|Any CPU.Build.0 = Release|Any CPU
		{C5E1B274-4594-47F7-B84B-D66AC0A88DD2}.Debug|Any CPU.ActiveCfg = Debug|Any CPU
		{C5E1B274-4594-47F7-B84B-D66AC0A88DD2}.Debug|Any CPU.Build.0 = Debug|Any CPU
		{C5E1B274-4594-47F7-B84B-D66AC0A88DD2}.Release|Any CPU.ActiveCfg = Release|Any CPU
		{C5E1B274-4594-47F7-B84B-D66AC0A88DD2}.Release|Any CPU.Build.0 = Release|Any CPU
		{995D62F4-964B-49A1-9B82-31EC9D45B279}.Debug|Any CPU.ActiveCfg = Debug|Any CPU
		{995D62F4-964B-49A1-9B82-31EC9D45B279}.Debug|Any CPU.Build.0 = Debug|Any CPU
		{995D62F4-964B-49A1-9B82-31EC9D45B279}.Release|Any CPU.ActiveCfg = Release|Any CPU
		{995D62F4-964B-49A1-9B82-31EC9D45B279}.Release|Any CPU.Build.0 = Release|Any CPU
		{8DF38890-8C14-49D9-B58E-653B1FE63B2E}.Debug|Any CPU.ActiveCfg = Debug|Any CPU
		{8DF38890-8C14-49D9-B58E-653B1FE63B2E}.Debug|Any CPU.Build.0 = Debug|Any CPU
		{8DF38890-8C14-49D9-B58E-653B1FE63B2E}.Release|Any CPU.ActiveCfg = Release|Any CPU
		{8DF38890-8C14-49D9-B58E-653B1FE63B2E}.Release|Any CPU.Build.0 = Release|Any CPU
		{D855533E-7B82-455D-BD7A-534721CD4C91}.Debug|Any CPU.ActiveCfg = Debug|Any CPU
		{D855533E-7B82-455D-BD7A-534721CD4C91}.Debug|Any CPU.Build.0 = Debug|Any CPU
		{D855533E-7B82-455D-BD7A-534721CD4C91}.Release|Any CPU.ActiveCfg = Release|Any CPU
		{D855533E-7B82-455D-BD7A-534721CD4C91}.Release|Any CPU.Build.0 = Release|Any CPU
		{838A3419-6CF2-4E3D-9B15-D18B56D31D0F}.Debug|Any CPU.ActiveCfg = Debug|Any CPU
		{838A3419-6CF2-4E3D-9B15-D18B56D31D0F}.Debug|Any CPU.Build.0 = Debug|Any CPU
		{838A3419-6CF2-4E3D-9B15-D18B56D31D0F}.Release|Any CPU.ActiveCfg = Release|Any CPU
		{838A3419-6CF2-4E3D-9B15-D18B56D31D0F}.Release|Any CPU.Build.0 = Release|Any CPU
		{20CEFED0-E30F-4ED1-B308-30691B9B2189}.Debug|Any CPU.ActiveCfg = Debug|Any CPU
		{20CEFED0-E30F-4ED1-B308-30691B9B2189}.Debug|Any CPU.Build.0 = Debug|Any CPU
		{20CEFED0-E30F-4ED1-B308-30691B9B2189}.Release|Any CPU.ActiveCfg = Release|Any CPU
		{20CEFED0-E30F-4ED1-B308-30691B9B2189}.Release|Any CPU.Build.0 = Release|Any CPU
		{5F84068B-4EF0-4CAB-A137-A9FC43B7BFF0}.Debug|Any CPU.ActiveCfg = Debug|Any CPU
		{5F84068B-4EF0-4CAB-A137-A9FC43B7BFF0}.Debug|Any CPU.Build.0 = Debug|Any CPU
		{5F84068B-4EF0-4CAB-A137-A9FC43B7BFF0}.Release|Any CPU.ActiveCfg = Release|Any CPU
		{5F84068B-4EF0-4CAB-A137-A9FC43B7BFF0}.Release|Any CPU.Build.0 = Release|Any CPU
		{D96272C7-760F-41B6-9529-4F25E8AE3432}.Debug|Any CPU.ActiveCfg = Debug|Any CPU
		{D96272C7-760F-41B6-9529-4F25E8AE3432}.Debug|Any CPU.Build.0 = Debug|Any CPU
		{D96272C7-760F-41B6-9529-4F25E8AE3432}.Release|Any CPU.ActiveCfg = Release|Any CPU
		{D96272C7-760F-41B6-9529-4F25E8AE3432}.Release|Any CPU.Build.0 = Release|Any CPU
		{E8CBD760-236E-42FF-8119-8884B02E70CD}.Debug|Any CPU.ActiveCfg = Debug|Any CPU
		{E8CBD760-236E-42FF-8119-8884B02E70CD}.Debug|Any CPU.Build.0 = Debug|Any CPU
		{E8CBD760-236E-42FF-8119-8884B02E70CD}.Release|Any CPU.ActiveCfg = Release|Any CPU
		{E8CBD760-236E-42FF-8119-8884B02E70CD}.Release|Any CPU.Build.0 = Release|Any CPU
		{0F29631D-3A91-44E6-8765-9F5884CC9CC3}.Debug|Any CPU.ActiveCfg = Debug|Any CPU
		{0F29631D-3A91-44E6-8765-9F5884CC9CC3}.Debug|Any CPU.Build.0 = Debug|Any CPU
		{0F29631D-3A91-44E6-8765-9F5884CC9CC3}.Release|Any CPU.ActiveCfg = Release|Any CPU
		{0F29631D-3A91-44E6-8765-9F5884CC9CC3}.Release|Any CPU.Build.0 = Release|Any CPU
		{CF81497A-CC04-4C88-B1C6-87799BB3E601}.Debug|Any CPU.ActiveCfg = Debug|Any CPU
		{CF81497A-CC04-4C88-B1C6-87799BB3E601}.Debug|Any CPU.Build.0 = Debug|Any CPU
		{CF81497A-CC04-4C88-B1C6-87799BB3E601}.Release|Any CPU.ActiveCfg = Release|Any CPU
		{CF81497A-CC04-4C88-B1C6-87799BB3E601}.Release|Any CPU.Build.0 = Release|Any CPU
		{206176A0-10CB-40B7-B0D2-E4BA177F529A}.Debug|Any CPU.ActiveCfg = Debug|Any CPU
		{206176A0-10CB-40B7-B0D2-E4BA177F529A}.Debug|Any CPU.Build.0 = Debug|Any CPU
		{206176A0-10CB-40B7-B0D2-E4BA177F529A}.Release|Any CPU.ActiveCfg = Release|Any CPU
		{206176A0-10CB-40B7-B0D2-E4BA177F529A}.Release|Any CPU.Build.0 = Release|Any CPU
		{5E6BA906-9333-4F2E-9529-6DEE347B69CE}.Debug|Any CPU.ActiveCfg = Debug|Any CPU
		{5E6BA906-9333-4F2E-9529-6DEE347B69CE}.Debug|Any CPU.Build.0 = Debug|Any CPU
		{5E6BA906-9333-4F2E-9529-6DEE347B69CE}.Release|Any CPU.ActiveCfg = Release|Any CPU
		{5E6BA906-9333-4F2E-9529-6DEE347B69CE}.Release|Any CPU.Build.0 = Release|Any CPU
		{5631A8CD-C59F-4EE5-9F21-5181617A29CF}.Debug|Any CPU.ActiveCfg = Debug|Any CPU
		{5631A8CD-C59F-4EE5-9F21-5181617A29CF}.Debug|Any CPU.Build.0 = Debug|Any CPU
		{5631A8CD-C59F-4EE5-9F21-5181617A29CF}.Release|Any CPU.ActiveCfg = Release|Any CPU
		{5631A8CD-C59F-4EE5-9F21-5181617A29CF}.Release|Any CPU.Build.0 = Release|Any CPU
		{D30EABCA-4CC5-47B6-9D88-CD0A1360FF94}.Debug|Any CPU.ActiveCfg = Debug|Any CPU
		{D30EABCA-4CC5-47B6-9D88-CD0A1360FF94}.Debug|Any CPU.Build.0 = Debug|Any CPU
		{D30EABCA-4CC5-47B6-9D88-CD0A1360FF94}.Release|Any CPU.ActiveCfg = Release|Any CPU
		{D30EABCA-4CC5-47B6-9D88-CD0A1360FF94}.Release|Any CPU.Build.0 = Release|Any CPU
		{1C4CCF8C-DC00-4385-9BB4-B5A24214B4D1}.Debug|Any CPU.ActiveCfg = Debug|Any CPU
		{1C4CCF8C-DC00-4385-9BB4-B5A24214B4D1}.Debug|Any CPU.Build.0 = Debug|Any CPU
		{1C4CCF8C-DC00-4385-9BB4-B5A24214B4D1}.Release|Any CPU.ActiveCfg = Release|Any CPU
		{1C4CCF8C-DC00-4385-9BB4-B5A24214B4D1}.Release|Any CPU.Build.0 = Release|Any CPU
		{BBB3720A-DF4C-4A74-8515-CAC810BA0FC5}.Debug|Any CPU.ActiveCfg = Debug|Any CPU
		{BBB3720A-DF4C-4A74-8515-CAC810BA0FC5}.Debug|Any CPU.Build.0 = Debug|Any CPU
		{BBB3720A-DF4C-4A74-8515-CAC810BA0FC5}.Release|Any CPU.ActiveCfg = Release|Any CPU
		{BBB3720A-DF4C-4A74-8515-CAC810BA0FC5}.Release|Any CPU.Build.0 = Release|Any CPU
		{BF1DD40C-D328-4BDE-B0F9-8BC2B8E76990}.Debug|Any CPU.ActiveCfg = Debug|Any CPU
		{BF1DD40C-D328-4BDE-B0F9-8BC2B8E76990}.Debug|Any CPU.Build.0 = Debug|Any CPU
		{BF1DD40C-D328-4BDE-B0F9-8BC2B8E76990}.Release|Any CPU.ActiveCfg = Release|Any CPU
		{BF1DD40C-D328-4BDE-B0F9-8BC2B8E76990}.Release|Any CPU.Build.0 = Release|Any CPU
		{037546C9-B29B-4D87-B180-56323A765A74}.Debug|Any CPU.ActiveCfg = Debug|Any CPU
		{037546C9-B29B-4D87-B180-56323A765A74}.Debug|Any CPU.Build.0 = Debug|Any CPU
		{037546C9-B29B-4D87-B180-56323A765A74}.Release|Any CPU.ActiveCfg = Release|Any CPU
		{037546C9-B29B-4D87-B180-56323A765A74}.Release|Any CPU.Build.0 = Release|Any CPU
		{B0BD5124-DE46-419D-B14A-0D6D8EEF5EF8}.Debug|Any CPU.ActiveCfg = Debug|Any CPU
		{B0BD5124-DE46-419D-B14A-0D6D8EEF5EF8}.Debug|Any CPU.Build.0 = Debug|Any CPU
		{B0BD5124-DE46-419D-B14A-0D6D8EEF5EF8}.Release|Any CPU.ActiveCfg = Release|Any CPU
		{B0BD5124-DE46-419D-B14A-0D6D8EEF5EF8}.Release|Any CPU.Build.0 = Release|Any CPU
		{7F6AA3D9-9075-4F28-9AB8-D81908594667}.Debug|Any CPU.ActiveCfg = Debug|Any CPU
		{7F6AA3D9-9075-4F28-9AB8-D81908594667}.Debug|Any CPU.Build.0 = Debug|Any CPU
		{7F6AA3D9-9075-4F28-9AB8-D81908594667}.Release|Any CPU.ActiveCfg = Release|Any CPU
		{7F6AA3D9-9075-4F28-9AB8-D81908594667}.Release|Any CPU.Build.0 = Release|Any CPU
		{E9073B57-376A-4F02-96AD-C3CE44CE76C3}.Debug|Any CPU.ActiveCfg = Debug|Any CPU
		{E9073B57-376A-4F02-96AD-C3CE44CE76C3}.Debug|Any CPU.Build.0 = Debug|Any CPU
		{E9073B57-376A-4F02-96AD-C3CE44CE76C3}.Release|Any CPU.ActiveCfg = Release|Any CPU
		{E9073B57-376A-4F02-96AD-C3CE44CE76C3}.Release|Any CPU.Build.0 = Release|Any CPU
		{E02C8CF2-B578-4C76-9065-7F6D1E33BFF4}.Debug|Any CPU.ActiveCfg = Debug|Any CPU
		{E02C8CF2-B578-4C76-9065-7F6D1E33BFF4}.Debug|Any CPU.Build.0 = Debug|Any CPU
		{E02C8CF2-B578-4C76-9065-7F6D1E33BFF4}.Release|Any CPU.ActiveCfg = Release|Any CPU
		{E02C8CF2-B578-4C76-9065-7F6D1E33BFF4}.Release|Any CPU.Build.0 = Release|Any CPU
		{5F257830-337F-47D4-B21B-AA8BF22818CF}.Debug|Any CPU.ActiveCfg = Debug|Any CPU
		{5F257830-337F-47D4-B21B-AA8BF22818CF}.Debug|Any CPU.Build.0 = Debug|Any CPU
		{5F257830-337F-47D4-B21B-AA8BF22818CF}.Release|Any CPU.ActiveCfg = Release|Any CPU
		{5F257830-337F-47D4-B21B-AA8BF22818CF}.Release|Any CPU.Build.0 = Release|Any CPU
		{69CE91A6-1285-4817-819C-6533E31E8015}.Debug|Any CPU.ActiveCfg = Debug|Any CPU
		{69CE91A6-1285-4817-819C-6533E31E8015}.Debug|Any CPU.Build.0 = Debug|Any CPU
		{69CE91A6-1285-4817-819C-6533E31E8015}.Release|Any CPU.ActiveCfg = Release|Any CPU
		{69CE91A6-1285-4817-819C-6533E31E8015}.Release|Any CPU.Build.0 = Release|Any CPU
		{573A94E6-7C9C-4B01-A3B5-5D88A564DEFC}.Debug|Any CPU.ActiveCfg = Debug|Any CPU
		{573A94E6-7C9C-4B01-A3B5-5D88A564DEFC}.Debug|Any CPU.Build.0 = Debug|Any CPU
		{573A94E6-7C9C-4B01-A3B5-5D88A564DEFC}.Release|Any CPU.ActiveCfg = Release|Any CPU
		{573A94E6-7C9C-4B01-A3B5-5D88A564DEFC}.Release|Any CPU.Build.0 = Release|Any CPU
		{9B69AE66-09DA-499D-B427-D79F01F0EB79}.Debug|Any CPU.ActiveCfg = Debug|Any CPU
		{9B69AE66-09DA-499D-B427-D79F01F0EB79}.Debug|Any CPU.Build.0 = Debug|Any CPU
		{9B69AE66-09DA-499D-B427-D79F01F0EB79}.Release|Any CPU.ActiveCfg = Release|Any CPU
		{9B69AE66-09DA-499D-B427-D79F01F0EB79}.Release|Any CPU.Build.0 = Release|Any CPU
		{464A8514-30A8-4DD0-BC8D-95D26E2CE3FB}.Debug|Any CPU.ActiveCfg = Debug|Any CPU
		{464A8514-30A8-4DD0-BC8D-95D26E2CE3FB}.Debug|Any CPU.Build.0 = Debug|Any CPU
		{464A8514-30A8-4DD0-BC8D-95D26E2CE3FB}.Release|Any CPU.ActiveCfg = Release|Any CPU
		{464A8514-30A8-4DD0-BC8D-95D26E2CE3FB}.Release|Any CPU.Build.0 = Release|Any CPU
		{7B4C6F81-DF27-47DB-A640-1F9331A2F4A7}.Debug|Any CPU.ActiveCfg = Debug|Any CPU
		{7B4C6F81-DF27-47DB-A640-1F9331A2F4A7}.Debug|Any CPU.Build.0 = Debug|Any CPU
		{7B4C6F81-DF27-47DB-A640-1F9331A2F4A7}.Release|Any CPU.ActiveCfg = Release|Any CPU
		{7B4C6F81-DF27-47DB-A640-1F9331A2F4A7}.Release|Any CPU.Build.0 = Release|Any CPU
		{9BE82532-1394-4863-8650-CAA95FF40FF4}.Debug|Any CPU.ActiveCfg = Debug|Any CPU
		{9BE82532-1394-4863-8650-CAA95FF40FF4}.Debug|Any CPU.Build.0 = Debug|Any CPU
		{9BE82532-1394-4863-8650-CAA95FF40FF4}.Release|Any CPU.ActiveCfg = Release|Any CPU
		{9BE82532-1394-4863-8650-CAA95FF40FF4}.Release|Any CPU.Build.0 = Release|Any CPU
		{919456A1-4286-458F-91C3-477EF59028ED}.Debug|Any CPU.ActiveCfg = Debug|Any CPU
		{919456A1-4286-458F-91C3-477EF59028ED}.Debug|Any CPU.Build.0 = Debug|Any CPU
		{919456A1-4286-458F-91C3-477EF59028ED}.Release|Any CPU.ActiveCfg = Release|Any CPU
		{919456A1-4286-458F-91C3-477EF59028ED}.Release|Any CPU.Build.0 = Release|Any CPU
		{2BBD60C3-A1ED-4883-8DA1-1C038B0AD90D}.Debug|Any CPU.ActiveCfg = Debug|Any CPU
		{2BBD60C3-A1ED-4883-8DA1-1C038B0AD90D}.Debug|Any CPU.Build.0 = Debug|Any CPU
		{2BBD60C3-A1ED-4883-8DA1-1C038B0AD90D}.Release|Any CPU.ActiveCfg = Release|Any CPU
		{2BBD60C3-A1ED-4883-8DA1-1C038B0AD90D}.Release|Any CPU.Build.0 = Release|Any CPU
		{A9897FE1-2FF8-4960-9D01-69BCF1F55EF0}.Debug|Any CPU.ActiveCfg = Debug|Any CPU
		{A9897FE1-2FF8-4960-9D01-69BCF1F55EF0}.Debug|Any CPU.Build.0 = Debug|Any CPU
		{A9897FE1-2FF8-4960-9D01-69BCF1F55EF0}.Release|Any CPU.ActiveCfg = Release|Any CPU
		{A9897FE1-2FF8-4960-9D01-69BCF1F55EF0}.Release|Any CPU.Build.0 = Release|Any CPU
		{FA55CA7B-343A-4BB8-A3D2-E87D3DBCF31D}.Debug|Any CPU.ActiveCfg = Debug|Any CPU
		{FA55CA7B-343A-4BB8-A3D2-E87D3DBCF31D}.Debug|Any CPU.Build.0 = Debug|Any CPU
		{FA55CA7B-343A-4BB8-A3D2-E87D3DBCF31D}.Release|Any CPU.ActiveCfg = Release|Any CPU
		{FA55CA7B-343A-4BB8-A3D2-E87D3DBCF31D}.Release|Any CPU.Build.0 = Release|Any CPU
		{3B01AD28-9976-476B-A9BB-F13FE07EF32C}.Debug|Any CPU.ActiveCfg = Debug|Any CPU
		{3B01AD28-9976-476B-A9BB-F13FE07EF32C}.Debug|Any CPU.Build.0 = Debug|Any CPU
		{3B01AD28-9976-476B-A9BB-F13FE07EF32C}.Release|Any CPU.ActiveCfg = Release|Any CPU
		{3B01AD28-9976-476B-A9BB-F13FE07EF32C}.Release|Any CPU.Build.0 = Release|Any CPU
		{99AC43E2-71C8-454F-A9B8-4230E5144261}.Debug|Any CPU.ActiveCfg = Debug|Any CPU
		{99AC43E2-71C8-454F-A9B8-4230E5144261}.Debug|Any CPU.Build.0 = Debug|Any CPU
		{99AC43E2-71C8-454F-A9B8-4230E5144261}.Release|Any CPU.ActiveCfg = Release|Any CPU
		{99AC43E2-71C8-454F-A9B8-4230E5144261}.Release|Any CPU.Build.0 = Release|Any CPU
		{4D2D7B1A-41F4-485B-83A1-993FEBF6900B}.Debug|Any CPU.ActiveCfg = Debug|Any CPU
		{4D2D7B1A-41F4-485B-83A1-993FEBF6900B}.Debug|Any CPU.Build.0 = Debug|Any CPU
		{4D2D7B1A-41F4-485B-83A1-993FEBF6900B}.Release|Any CPU.ActiveCfg = Release|Any CPU
		{4D2D7B1A-41F4-485B-83A1-993FEBF6900B}.Release|Any CPU.Build.0 = Release|Any CPU
	EndGlobalSection
	GlobalSection(SolutionProperties) = preSolution
		HideSolutionNode = FALSE
	EndGlobalSection
	GlobalSection(ExtensibilityGlobals) = postSolution
		SolutionGuid = {790AB5C4-05AC-45ED-BF71-51C03BA0FD03}
	EndGlobalSection
EndGlobal
